{
  "name": "neverball-checker",
  "version": "1.0.0",
  "lockfileVersion": 3,
  "requires": true,
  "packages": {
    "": {
      "name": "neverball-checker",
      "version": "1.0.0",
      "license": "GPL-3.0+",
      "dependencies": {
        "neverball-solid": "^1.0.0"
      }
    },
    "node_modules/cursor": {
      "version": "0.1.5",
      "resolved": "https://registry.npmjs.org/cursor/-/cursor-0.1.5.tgz",
      "integrity": "sha512-SEhnxWKJdk3RTiSQ0VdHQ0XdCzGxMtrIpen+EaKmZNBzHBwlEaBFtzG11R7/8TR68FBA54Yp3UzayByFH9j1QQ==",
      "license": "MIT"
    },
    "node_modules/neverball-solid": {
      "version": "1.0.3",
      "resolved": "https://registry.npmjs.org/neverball-solid/-/neverball-solid-1.0.3.tgz",
      "integrity": "sha512-dkFZ++txPe5DsvkbYLPgQgJBP2JRONZiAcPG7rj3WX8QLiJNmlB5w3C//5Dt6/zsA6LuXNew4gmqKo4zipcbjw==",
      "license": "GPL-3.0+",
      "dependencies": {
        "cursor": "^0.1.5"
      }
    }
  }
}
