{
  "name": "checker",
  "version": "1.0.0",
  "lockfileVersion": 3,
  "requires": true,
  "packages": {
    "": {
      "name": "checker",
      "version": "1.0.0",
      "license": "ISC",
      "dependencies": {
        "neverball-solid": "^1.0.0"
      }
    },
    "node_modules/cursor": {
      "version": "0.1.5",
      "resolved": "https://registry.npmjs.org/cursor/-/cursor-0.1.5.tgz",
      "integrity": "sha512-SEhnxWKJdk3RTiSQ0VdHQ0XdCzGxMtrIpen+EaKmZNBzHBwlEaBFtzG11R7/8TR68FBA54Yp3UzayByFH9j1QQ=="
    },
    "node_modules/neverball-solid": {
      "version": "1.0.1",
      "resolved": "https://registry.npmjs.org/neverball-solid/-/neverball-solid-1.0.1.tgz",
      "integrity": "sha512-oKBfZ6V7b0kjjzFbniafINCuas6jnaScrNZoudagUe8WqtuvUFbvQfYoLEwTSqc8NRDNKVBshQWaKgJ0JeehDQ==",
      "dependencies": {
        "cursor": "^0.1.5"
      }
    }
  }
}
